// !$*UTF8*$!
{
	archiveVersion = 1;
	classes = {
	};
	objectVersion = 55;
	objects = {

/* Begin PBXBuildFile section */
		66B37EEF0D919EC9A22054D6 /* Pods_Github_Explorer_Github_ExplorerUITests.framework in Frameworks */ = {isa = PBXBuildFile; fileRef = 5DC492D1200321B2B1164CD8 /* Pods_Github_Explorer_Github_ExplorerUITests.framework */; };
		7A152E6010ABAF33A1AC36F9 /* Pods_Github_Explorer.framework in Frameworks */ = {isa = PBXBuildFile; fileRef = 3EE3167EB907B69D9C5697B0 /* Pods_Github_Explorer.framework */; };
		BA113CD07CE06ECEA868E925 /* Pods_Github_ExplorerTests.framework in Frameworks */ = {isa = PBXBuildFile; fileRef = BB9A37D73EBAB6EC1EE8B744 /* Pods_Github_ExplorerTests.framework */; };
		F35D9ED72A1C42180046189B /* HomeFactory.swift in Sources */ = {isa = PBXBuildFile; fileRef = F35D9ED62A1C42180046189B /* HomeFactory.swift */; };
		F35D9EE22A1C45C70046189B /* HomeInteractor.swift in Sources */ = {isa = PBXBuildFile; fileRef = F35D9EE12A1C45C70046189B /* HomeInteractor.swift */; };
		F3A0F27D2A1CD50900980180 /* HomeView.swift in Sources */ = {isa = PBXBuildFile; fileRef = F3A0F27C2A1CD50900980180 /* HomeView.swift */; };
		F3A0F27F2A1CD8A900980180 /* HomePresenter.swift in Sources */ = {isa = PBXBuildFile; fileRef = F3A0F27E2A1CD8A900980180 /* HomePresenter.swift */; };
		F3A0F2812A1CD93B00980180 /* HomeCoordinator.swift in Sources */ = {isa = PBXBuildFile; fileRef = F3A0F2802A1CD93B00980180 /* HomeCoordinator.swift */; };
		F3A0F2842A1D003500980180 /* Size.swift in Sources */ = {isa = PBXBuildFile; fileRef = F3A0F2832A1D003500980180 /* Size.swift */; };
		F3A0F2872A1D017600980180 /* LocalizableString.swift in Sources */ = {isa = PBXBuildFile; fileRef = F3A0F2862A1D017600980180 /* LocalizableString.swift */; };
		F3A0F2922A1D088500980180 /* Localizable.strings in Resources */ = {isa = PBXBuildFile; fileRef = F3A0F2912A1D088500980180 /* Localizable.strings */; };
		F3B39D202A1D143100070E68 /* Colors.swift in Sources */ = {isa = PBXBuildFile; fileRef = F3B39D1F2A1D143100070E68 /* Colors.swift */; };
		F3B39D342A1D310A00070E68 /* HomeModel.swift in Sources */ = {isa = PBXBuildFile; fileRef = F3B39D332A1D310A00070E68 /* HomeModel.swift */; };
		F3B39D372A1D31D900070E68 /* GithubModel.swift in Sources */ = {isa = PBXBuildFile; fileRef = F3B39D362A1D31D900070E68 /* GithubModel.swift */; };
		F9F6EA9D274D9E3400817CC4 /* AppDelegate.swift in Sources */ = {isa = PBXBuildFile; fileRef = F9F6EA9C274D9E3400817CC4 /* AppDelegate.swift */; };
		F9F6EA9F274D9E3400817CC4 /* SceneDelegate.swift in Sources */ = {isa = PBXBuildFile; fileRef = F9F6EA9E274D9E3400817CC4 /* SceneDelegate.swift */; };
		F9F6EAA9274D9E3600817CC4 /* Assets.xcassets in Resources */ = {isa = PBXBuildFile; fileRef = F9F6EAA8274D9E3600817CC4 /* Assets.xcassets */; };
		F9F6EAB7274D9E3600817CC4 /* Github_ExplorerTests.swift in Sources */ = {isa = PBXBuildFile; fileRef = F9F6EAB6274D9E3600817CC4 /* Github_ExplorerTests.swift */; };
		F9F6EAC1274D9E3600817CC4 /* Github_ExplorerUITests.swift in Sources */ = {isa = PBXBuildFile; fileRef = F9F6EAC0274D9E3600817CC4 /* Github_ExplorerUITests.swift */; };
		F9F6EAC3274D9E3600817CC4 /* Github_ExplorerUITestsLaunchTests.swift in Sources */ = {isa = PBXBuildFile; fileRef = F9F6EAC2274D9E3600817CC4 /* Github_ExplorerUITestsLaunchTests.swift */; };
		F9F6EADA274D9F4100817CC4 /* HomeViewController.swift in Sources */ = {isa = PBXBuildFile; fileRef = F9F6EAD8274D9F4100817CC4 /* HomeViewController.swift */; };
		F9F6EADD274D9F8400817CC4 /* RepositoryModel.swift in Sources */ = {isa = PBXBuildFile; fileRef = F9F6EADC274D9F8400817CC4 /* RepositoryModel.swift */; };
		F9F6EAE0274D9FA800817CC4 /* Owner.swift in Sources */ = {isa = PBXBuildFile; fileRef = F9F6EADF274D9FA800817CC4 /* Owner.swift */; };
		F9F6EAE4274D9FEA00817CC4 /* URLImage.swift in Sources */ = {isa = PBXBuildFile; fileRef = F9F6EAE3274D9FEA00817CC4 /* URLImage.swift */; };
		F9F6EAE6274D9FF000817CC4 /* HexColor.swift in Sources */ = {isa = PBXBuildFile; fileRef = F9F6EAE5274D9FF000817CC4 /* HexColor.swift */; };
		F9F6EAEA274DA02000817CC4 /* HomeRepositoryTableViewCell.swift in Sources */ = {isa = PBXBuildFile; fileRef = F9F6EAE8274DA02000817CC4 /* HomeRepositoryTableViewCell.swift */; };
		F9F6EB00274DA0FA00817CC4 /* GithubRepositoryWorker.swift in Sources */ = {isa = PBXBuildFile; fileRef = F9F6EAFA274DA0FA00817CC4 /* GithubRepositoryWorker.swift */; };
		F9F6EB01274DA0FA00817CC4 /* RepositoryEndpoint.swift in Sources */ = {isa = PBXBuildFile; fileRef = F9F6EAFB274DA0FA00817CC4 /* RepositoryEndpoint.swift */; };
		F9F6EB03274DA0FA00817CC4 /* Repository.swift in Sources */ = {isa = PBXBuildFile; fileRef = F9F6EAFE274DA0FA00817CC4 /* Repository.swift */; };
/* End PBXBuildFile section */

/* Begin PBXContainerItemProxy section */
		F9F6EAB3274D9E3600817CC4 /* PBXContainerItemProxy */ = {
			isa = PBXContainerItemProxy;
			containerPortal = F9F6EA91274D9E3400817CC4 /* Project object */;
			proxyType = 1;
			remoteGlobalIDString = F9F6EA98274D9E3400817CC4;
			remoteInfo = "Github Explorer";
		};
		F9F6EABD274D9E3600817CC4 /* PBXContainerItemProxy */ = {
			isa = PBXContainerItemProxy;
			containerPortal = F9F6EA91274D9E3400817CC4 /* Project object */;
			proxyType = 1;
			remoteGlobalIDString = F9F6EA98274D9E3400817CC4;
			remoteInfo = "Github Explorer";
		};
/* End PBXContainerItemProxy section */

/* Begin PBXFileReference section */
		13547EBED9D7AEE7447EE390 /* Pods-Github Explorer-Github ExplorerUITests.release.xcconfig */ = {isa = PBXFileReference; includeInIndex = 1; lastKnownFileType = text.xcconfig; name = "Pods-Github Explorer-Github ExplorerUITests.release.xcconfig"; path = "Target Support Files/Pods-Github Explorer-Github ExplorerUITests/Pods-Github Explorer-Github ExplorerUITests.release.xcconfig"; sourceTree = "<group>"; };
		17C6AD67F3E21E4796721CEE /* Pods-Github Explorer.debug.xcconfig */ = {isa = PBXFileReference; includeInIndex = 1; lastKnownFileType = text.xcconfig; name = "Pods-Github Explorer.debug.xcconfig"; path = "Target Support Files/Pods-Github Explorer/Pods-Github Explorer.debug.xcconfig"; sourceTree = "<group>"; };
		1E00DAF0A08FAF416203DAF8 /* Pods-Github ExplorerTests.release.xcconfig */ = {isa = PBXFileReference; includeInIndex = 1; lastKnownFileType = text.xcconfig; name = "Pods-Github ExplorerTests.release.xcconfig"; path = "Target Support Files/Pods-Github ExplorerTests/Pods-Github ExplorerTests.release.xcconfig"; sourceTree = "<group>"; };
		1E4C9C38965FBDD30AACD6B8 /* Pods-Github Explorer.release.xcconfig */ = {isa = PBXFileReference; includeInIndex = 1; lastKnownFileType = text.xcconfig; name = "Pods-Github Explorer.release.xcconfig"; path = "Target Support Files/Pods-Github Explorer/Pods-Github Explorer.release.xcconfig"; sourceTree = "<group>"; };
		3EE3167EB907B69D9C5697B0 /* Pods_Github_Explorer.framework */ = {isa = PBXFileReference; explicitFileType = wrapper.framework; includeInIndex = 0; path = Pods_Github_Explorer.framework; sourceTree = BUILT_PRODUCTS_DIR; };
		5DC492D1200321B2B1164CD8 /* Pods_Github_Explorer_Github_ExplorerUITests.framework */ = {isa = PBXFileReference; explicitFileType = wrapper.framework; includeInIndex = 0; path = Pods_Github_Explorer_Github_ExplorerUITests.framework; sourceTree = BUILT_PRODUCTS_DIR; };
		BB9A37D73EBAB6EC1EE8B744 /* Pods_Github_ExplorerTests.framework */ = {isa = PBXFileReference; explicitFileType = wrapper.framework; includeInIndex = 0; path = Pods_Github_ExplorerTests.framework; sourceTree = BUILT_PRODUCTS_DIR; };
		BF48CCCE40E940D93C4F6B0F /* Pods-Github ExplorerTests.debug.xcconfig */ = {isa = PBXFileReference; includeInIndex = 1; lastKnownFileType = text.xcconfig; name = "Pods-Github ExplorerTests.debug.xcconfig"; path = "Target Support Files/Pods-Github ExplorerTests/Pods-Github ExplorerTests.debug.xcconfig"; sourceTree = "<group>"; };
		E6222E36FBF713942A819C6B /* Pods-Github Explorer-Github ExplorerUITests.debug.xcconfig */ = {isa = PBXFileReference; includeInIndex = 1; lastKnownFileType = text.xcconfig; name = "Pods-Github Explorer-Github ExplorerUITests.debug.xcconfig"; path = "Target Support Files/Pods-Github Explorer-Github ExplorerUITests/Pods-Github Explorer-Github ExplorerUITests.debug.xcconfig"; sourceTree = "<group>"; };
		F35D9ED62A1C42180046189B /* HomeFactory.swift */ = {isa = PBXFileReference; lastKnownFileType = sourcecode.swift; path = HomeFactory.swift; sourceTree = "<group>"; };
		F35D9EE12A1C45C70046189B /* HomeInteractor.swift */ = {isa = PBXFileReference; lastKnownFileType = sourcecode.swift; path = HomeInteractor.swift; sourceTree = "<group>"; };
		F3A0F27C2A1CD50900980180 /* HomeView.swift */ = {isa = PBXFileReference; lastKnownFileType = sourcecode.swift; path = HomeView.swift; sourceTree = "<group>"; };
		F3A0F27E2A1CD8A900980180 /* HomePresenter.swift */ = {isa = PBXFileReference; lastKnownFileType = sourcecode.swift; path = HomePresenter.swift; sourceTree = "<group>"; };
		F3A0F2802A1CD93B00980180 /* HomeCoordinator.swift */ = {isa = PBXFileReference; lastKnownFileType = sourcecode.swift; path = HomeCoordinator.swift; sourceTree = "<group>"; };
		F3A0F2832A1D003500980180 /* Size.swift */ = {isa = PBXFileReference; lastKnownFileType = sourcecode.swift; path = Size.swift; sourceTree = "<group>"; };
		F3A0F2862A1D017600980180 /* LocalizableString.swift */ = {isa = PBXFileReference; lastKnownFileType = sourcecode.swift; path = LocalizableString.swift; sourceTree = "<group>"; };
		F3A0F2912A1D088500980180 /* Localizable.strings */ = {isa = PBXFileReference; lastKnownFileType = text.plist.strings; path = Localizable.strings; sourceTree = "<group>"; };
		F3B39D1C2A1D117500070E68 /* Info.plist */ = {isa = PBXFileReference; fileEncoding = 4; lastKnownFileType = text.plist.xml; path = Info.plist; sourceTree = "<group>"; };
		F3B39D1F2A1D143100070E68 /* Colors.swift */ = {isa = PBXFileReference; lastKnownFileType = sourcecode.swift; path = Colors.swift; sourceTree = "<group>"; };
		F3B39D332A1D310A00070E68 /* HomeModel.swift */ = {isa = PBXFileReference; lastKnownFileType = sourcecode.swift; path = HomeModel.swift; sourceTree = "<group>"; };
		F3B39D362A1D31D900070E68 /* GithubModel.swift */ = {isa = PBXFileReference; lastKnownFileType = sourcecode.swift; path = GithubModel.swift; sourceTree = "<group>"; };
		F9F6EA99274D9E3400817CC4 /* Github Explorer.app */ = {isa = PBXFileReference; explicitFileType = wrapper.application; includeInIndex = 0; path = "Github Explorer.app"; sourceTree = BUILT_PRODUCTS_DIR; };
		F9F6EA9C274D9E3400817CC4 /* AppDelegate.swift */ = {isa = PBXFileReference; lastKnownFileType = sourcecode.swift; path = AppDelegate.swift; sourceTree = "<group>"; };
		F9F6EA9E274D9E3400817CC4 /* SceneDelegate.swift */ = {isa = PBXFileReference; lastKnownFileType = sourcecode.swift; path = SceneDelegate.swift; sourceTree = "<group>"; };
		F9F6EAA8274D9E3600817CC4 /* Assets.xcassets */ = {isa = PBXFileReference; lastKnownFileType = folder.assetcatalog; path = Assets.xcassets; sourceTree = "<group>"; };
		F9F6EAB2274D9E3600817CC4 /* Github ExplorerTests.xctest */ = {isa = PBXFileReference; explicitFileType = wrapper.cfbundle; includeInIndex = 0; path = "Github ExplorerTests.xctest"; sourceTree = BUILT_PRODUCTS_DIR; };
		F9F6EAB6274D9E3600817CC4 /* Github_ExplorerTests.swift */ = {isa = PBXFileReference; lastKnownFileType = sourcecode.swift; path = Github_ExplorerTests.swift; sourceTree = "<group>"; };
		F9F6EABC274D9E3600817CC4 /* Github ExplorerUITests.xctest */ = {isa = PBXFileReference; explicitFileType = wrapper.cfbundle; includeInIndex = 0; path = "Github ExplorerUITests.xctest"; sourceTree = BUILT_PRODUCTS_DIR; };
		F9F6EAC0274D9E3600817CC4 /* Github_ExplorerUITests.swift */ = {isa = PBXFileReference; lastKnownFileType = sourcecode.swift; path = Github_ExplorerUITests.swift; sourceTree = "<group>"; };
		F9F6EAC2274D9E3600817CC4 /* Github_ExplorerUITestsLaunchTests.swift */ = {isa = PBXFileReference; lastKnownFileType = sourcecode.swift; path = Github_ExplorerUITestsLaunchTests.swift; sourceTree = "<group>"; };
		F9F6EAD8274D9F4100817CC4 /* HomeViewController.swift */ = {isa = PBXFileReference; fileEncoding = 4; lastKnownFileType = sourcecode.swift; path = HomeViewController.swift; sourceTree = "<group>"; };
		F9F6EADC274D9F8400817CC4 /* RepositoryModel.swift */ = {isa = PBXFileReference; fileEncoding = 4; lastKnownFileType = sourcecode.swift; path = RepositoryModel.swift; sourceTree = "<group>"; };
		F9F6EADF274D9FA800817CC4 /* Owner.swift */ = {isa = PBXFileReference; fileEncoding = 4; lastKnownFileType = sourcecode.swift; path = Owner.swift; sourceTree = "<group>"; };
		F9F6EAE3274D9FEA00817CC4 /* URLImage.swift */ = {isa = PBXFileReference; fileEncoding = 4; lastKnownFileType = sourcecode.swift; path = URLImage.swift; sourceTree = "<group>"; };
		F9F6EAE5274D9FF000817CC4 /* HexColor.swift */ = {isa = PBXFileReference; fileEncoding = 4; lastKnownFileType = sourcecode.swift; path = HexColor.swift; sourceTree = "<group>"; };
		F9F6EAE8274DA02000817CC4 /* HomeRepositoryTableViewCell.swift */ = {isa = PBXFileReference; fileEncoding = 4; lastKnownFileType = sourcecode.swift; path = HomeRepositoryTableViewCell.swift; sourceTree = "<group>"; };
		F9F6EAFA274DA0FA00817CC4 /* GithubRepositoryWorker.swift */ = {isa = PBXFileReference; fileEncoding = 4; lastKnownFileType = sourcecode.swift; path = GithubRepositoryWorker.swift; sourceTree = "<group>"; };
		F9F6EAFB274DA0FA00817CC4 /* RepositoryEndpoint.swift */ = {isa = PBXFileReference; fileEncoding = 4; lastKnownFileType = sourcecode.swift; path = RepositoryEndpoint.swift; sourceTree = "<group>"; };
		F9F6EAFE274DA0FA00817CC4 /* Repository.swift */ = {isa = PBXFileReference; fileEncoding = 4; lastKnownFileType = sourcecode.swift; path = Repository.swift; sourceTree = "<group>"; };
/* End PBXFileReference section */

/* Begin PBXFrameworksBuildPhase section */
		F9F6EA96274D9E3400817CC4 /* Frameworks */ = {
			isa = PBXFrameworksBuildPhase;
			buildActionMask = 2147483647;
			files = (
				7A152E6010ABAF33A1AC36F9 /* Pods_Github_Explorer.framework in Frameworks */,
			);
			runOnlyForDeploymentPostprocessing = 0;
		};
		F9F6EAAF274D9E3600817CC4 /* Frameworks */ = {
			isa = PBXFrameworksBuildPhase;
			buildActionMask = 2147483647;
			files = (
				BA113CD07CE06ECEA868E925 /* Pods_Github_ExplorerTests.framework in Frameworks */,
			);
			runOnlyForDeploymentPostprocessing = 0;
		};
		F9F6EAB9274D9E3600817CC4 /* Frameworks */ = {
			isa = PBXFrameworksBuildPhase;
			buildActionMask = 2147483647;
			files = (
				66B37EEF0D919EC9A22054D6 /* Pods_Github_Explorer_Github_ExplorerUITests.framework in Frameworks */,
			);
			runOnlyForDeploymentPostprocessing = 0;
		};
/* End PBXFrameworksBuildPhase section */

/* Begin PBXGroup section */
		49D5B3A928EC7470382E901C /* Frameworks */ = {
			isa = PBXGroup;
			children = (
				3EE3167EB907B69D9C5697B0 /* Pods_Github_Explorer.framework */,
				5DC492D1200321B2B1164CD8 /* Pods_Github_Explorer_Github_ExplorerUITests.framework */,
				BB9A37D73EBAB6EC1EE8B744 /* Pods_Github_ExplorerTests.framework */,
			);
			name = Frameworks;
			sourceTree = "<group>";
		};
		F3A0F2822A1D002900980180 /* Size */ = {
			isa = PBXGroup;
			children = (
				F3A0F2832A1D003500980180 /* Size.swift */,
			);
			path = Size;
			sourceTree = "<group>";
		};
		F3A0F2852A1D015F00980180 /* String */ = {
			isa = PBXGroup;
			children = (
				F3A0F2862A1D017600980180 /* LocalizableString.swift */,
				F3A0F2912A1D088500980180 /* Localizable.strings */,
			);
			path = String;
			sourceTree = "<group>";
		};
		F3B39D1E2A1D141500070E68 /* Colors */ = {
			isa = PBXGroup;
			children = (
				F3B39D1F2A1D143100070E68 /* Colors.swift */,
			);
			path = Colors;
			sourceTree = "<group>";
		};
		F3B39D352A1D314800070E68 /* Github */ = {
			isa = PBXGroup;
			children = (
				F3B39D362A1D31D900070E68 /* GithubModel.swift */,
			);
			path = Github;
			sourceTree = "<group>";
		};
		F5A6A980A21B85C60334AB87 /* Pods */ = {
			isa = PBXGroup;
			children = (
				17C6AD67F3E21E4796721CEE /* Pods-Github Explorer.debug.xcconfig */,
				1E4C9C38965FBDD30AACD6B8 /* Pods-Github Explorer.release.xcconfig */,
				E6222E36FBF713942A819C6B /* Pods-Github Explorer-Github ExplorerUITests.debug.xcconfig */,
				13547EBED9D7AEE7447EE390 /* Pods-Github Explorer-Github ExplorerUITests.release.xcconfig */,
				BF48CCCE40E940D93C4F6B0F /* Pods-Github ExplorerTests.debug.xcconfig */,
				1E00DAF0A08FAF416203DAF8 /* Pods-Github ExplorerTests.release.xcconfig */,
			);
			path = Pods;
			sourceTree = "<group>";
		};
		F9F6EA90274D9E3400817CC4 = {
			isa = PBXGroup;
			children = (
				F9F6EA9B274D9E3400817CC4 /* Github Explorer */,
				F9F6EAB5274D9E3600817CC4 /* Github ExplorerTests */,
				F9F6EABF274D9E3600817CC4 /* Github ExplorerUITests */,
				F9F6EA9A274D9E3400817CC4 /* Products */,
				F5A6A980A21B85C60334AB87 /* Pods */,
				49D5B3A928EC7470382E901C /* Frameworks */,
			);
			sourceTree = "<group>";
		};
		F9F6EA9A274D9E3400817CC4 /* Products */ = {
			isa = PBXGroup;
			children = (
				F9F6EA99274D9E3400817CC4 /* Github Explorer.app */,
				F9F6EAB2274D9E3600817CC4 /* Github ExplorerTests.xctest */,
				F9F6EABC274D9E3600817CC4 /* Github ExplorerUITests.xctest */,
			);
			name = Products;
			sourceTree = "<group>";
		};
		F9F6EA9B274D9E3400817CC4 /* Github Explorer */ = {
			isa = PBXGroup;
			children = (
				F9F6EAD2274D9EC100817CC4 /* Assets */,
				F9F6EAEC274DA06700817CC4 /* Core */,
				F9F6EAD3274D9ED400817CC4 /* Models */,
				F9F6EACF274D9E8100817CC4 /* Scenes */,
				F9F6EAD4274D9EDB00817CC4 /* Services */,
				F3B39D1C2A1D117500070E68 /* Info.plist */,
			);
			path = "Github Explorer";
			sourceTree = "<group>";
		};
		F9F6EAB5274D9E3600817CC4 /* Github ExplorerTests */ = {
			isa = PBXGroup;
			children = (
				F9F6EAB6274D9E3600817CC4 /* Github_ExplorerTests.swift */,
			);
			path = "Github ExplorerTests";
			sourceTree = "<group>";
		};
		F9F6EABF274D9E3600817CC4 /* Github ExplorerUITests */ = {
			isa = PBXGroup;
			children = (
				F9F6EAC0274D9E3600817CC4 /* Github_ExplorerUITests.swift */,
				F9F6EAC2274D9E3600817CC4 /* Github_ExplorerUITestsLaunchTests.swift */,
			);
			path = "Github ExplorerUITests";
			sourceTree = "<group>";
		};
		F9F6EACF274D9E8100817CC4 /* Scenes */ = {
			isa = PBXGroup;
			children = (
				F9F6EAD6274D9F2400817CC4 /* Home */,
			);
			path = Scenes;
			sourceTree = "<group>";
		};
		F9F6EAD2274D9EC100817CC4 /* Assets */ = {
			isa = PBXGroup;
			children = (
				F9F6EAA8274D9E3600817CC4 /* Assets.xcassets */,
			);
			path = Assets;
			sourceTree = "<group>";
		};
		F9F6EAD3274D9ED400817CC4 /* Models */ = {
			isa = PBXGroup;
			children = (
				F3B39D352A1D314800070E68 /* Github */,
				F9F6EAE2274D9FD200817CC4 /* URLImage */,
				F9F6EAE1274D9FBB00817CC4 /* HexColor */,
				F9F6EADB274D9F7400817CC4 /* Repository */,
				F9F6EADE274D9F9B00817CC4 /* Owner */,
			);
			path = Models;
			sourceTree = "<group>";
		};
		F9F6EAD4274D9EDB00817CC4 /* Services */ = {
			isa = PBXGroup;
			children = (
				F9F6EAFD274DA0FA00817CC4 /* Github */,
				F9F6EAF9274DA0FA00817CC4 /* Repository */,
			);
			path = Services;
			sourceTree = "<group>";
		};
		F9F6EAD6274D9F2400817CC4 /* Home */ = {
			isa = PBXGroup;
			children = (
				F9F6EAE7274DA02000817CC4 /* SubViews */,
				F35D9ED62A1C42180046189B /* HomeFactory.swift */,
				F3A0F27C2A1CD50900980180 /* HomeView.swift */,
				F9F6EAD8274D9F4100817CC4 /* HomeViewController.swift */,
				F35D9EE12A1C45C70046189B /* HomeInteractor.swift */,
				F3A0F27E2A1CD8A900980180 /* HomePresenter.swift */,
				F3A0F2802A1CD93B00980180 /* HomeCoordinator.swift */,
				F3B39D332A1D310A00070E68 /* HomeModel.swift */,
			);
			path = Home;
			sourceTree = "<group>";
		};
		F9F6EADB274D9F7400817CC4 /* Repository */ = {
			isa = PBXGroup;
			children = (
				F9F6EADC274D9F8400817CC4 /* RepositoryModel.swift */,
			);
			path = Repository;
			sourceTree = "<group>";
		};
		F9F6EADE274D9F9B00817CC4 /* Owner */ = {
			isa = PBXGroup;
			children = (
				F9F6EADF274D9FA800817CC4 /* Owner.swift */,
			);
			path = Owner;
			sourceTree = "<group>";
		};
		F9F6EAE1274D9FBB00817CC4 /* HexColor */ = {
			isa = PBXGroup;
			children = (
				F9F6EAE5274D9FF000817CC4 /* HexColor.swift */,
			);
			path = HexColor;
			sourceTree = "<group>";
		};
		F9F6EAE2274D9FD200817CC4 /* URLImage */ = {
			isa = PBXGroup;
			children = (
				F9F6EAE3274D9FEA00817CC4 /* URLImage.swift */,
			);
			path = URLImage;
			sourceTree = "<group>";
		};
		F9F6EAE7274DA02000817CC4 /* SubViews */ = {
			isa = PBXGroup;
			children = (
				F9F6EAE8274DA02000817CC4 /* HomeRepositoryTableViewCell.swift */,
			);
			path = SubViews;
			sourceTree = "<group>";
		};
		F9F6EAEC274DA06700817CC4 /* Core */ = {
			isa = PBXGroup;
			children = (
				F9F6EA9C274D9E3400817CC4 /* AppDelegate.swift */,
				F9F6EA9E274D9E3400817CC4 /* SceneDelegate.swift */,
				F3B39D1E2A1D141500070E68 /* Colors */,
				F3A0F2822A1D002900980180 /* Size */,
				F3A0F2852A1D015F00980180 /* String */,
			);
			path = Core;
			sourceTree = "<group>";
		};
		F9F6EAF9274DA0FA00817CC4 /* Repository */ = {
			isa = PBXGroup;
			children = (
				F9F6EAFA274DA0FA00817CC4 /* GithubRepositoryWorker.swift */,
				F9F6EAFB274DA0FA00817CC4 /* RepositoryEndpoint.swift */,
			);
			path = Repository;
			sourceTree = "<group>";
		};
		F9F6EAFD274DA0FA00817CC4 /* Github */ = {
			isa = PBXGroup;
			children = (
				F9F6EAFE274DA0FA00817CC4 /* Repository.swift */,
			);
			path = Github;
			sourceTree = "<group>";
		};
/* End PBXGroup section */

/* Begin PBXNativeTarget section */
		F9F6EA98274D9E3400817CC4 /* Github Explorer */ = {
			isa = PBXNativeTarget;
			buildConfigurationList = F9F6EAC6274D9E3600817CC4 /* Build configuration list for PBXNativeTarget "Github Explorer" */;
			buildPhases = (
				3079F2EDAE53EBCE37B01D7D /* [CP] Check Pods Manifest.lock */,
				F9F6EA95274D9E3400817CC4 /* Sources */,
				F9F6EA96274D9E3400817CC4 /* Frameworks */,
				F9F6EA97274D9E3400817CC4 /* Resources */,
			);
			buildRules = (
			);
			dependencies = (
			);
			name = "Github Explorer";
			productName = "Github Explorer";
			productReference = F9F6EA99274D9E3400817CC4 /* Github Explorer.app */;
			productType = "com.apple.product-type.application";
		};
		F9F6EAB1274D9E3600817CC4 /* Github ExplorerTests */ = {
			isa = PBXNativeTarget;
			buildConfigurationList = F9F6EAC9274D9E3600817CC4 /* Build configuration list for PBXNativeTarget "Github ExplorerTests" */;
			buildPhases = (
				2F8E39CCF6CE8F68570C89EC /* [CP] Check Pods Manifest.lock */,
				F9F6EAAE274D9E3600817CC4 /* Sources */,
				F9F6EAAF274D9E3600817CC4 /* Frameworks */,
				F9F6EAB0274D9E3600817CC4 /* Resources */,
			);
			buildRules = (
			);
			dependencies = (
				F9F6EAB4274D9E3600817CC4 /* PBXTargetDependency */,
			);
			name = "Github ExplorerTests";
			productName = "Github ExplorerTests";
			productReference = F9F6EAB2274D9E3600817CC4 /* Github ExplorerTests.xctest */;
			productType = "com.apple.product-type.bundle.unit-test";
		};
		F9F6EABB274D9E3600817CC4 /* Github ExplorerUITests */ = {
			isa = PBXNativeTarget;
			buildConfigurationList = F9F6EACC274D9E3600817CC4 /* Build configuration list for PBXNativeTarget "Github ExplorerUITests" */;
			buildPhases = (
				C3A734900FF527B5AE19AC68 /* [CP] Check Pods Manifest.lock */,
				F9F6EAB8274D9E3600817CC4 /* Sources */,
				F9F6EAB9274D9E3600817CC4 /* Frameworks */,
				F9F6EABA274D9E3600817CC4 /* Resources */,
			);
			buildRules = (
			);
			dependencies = (
				F9F6EABE274D9E3600817CC4 /* PBXTargetDependency */,
			);
			name = "Github ExplorerUITests";
			productName = "Github ExplorerUITests";
			productReference = F9F6EABC274D9E3600817CC4 /* Github ExplorerUITests.xctest */;
			productType = "com.apple.product-type.bundle.ui-testing";
		};
/* End PBXNativeTarget section */

/* Begin PBXProject section */
		F9F6EA91274D9E3400817CC4 /* Project object */ = {
			isa = PBXProject;
			attributes = {
				BuildIndependentTargetsInParallel = 1;
				LastSwiftUpdateCheck = 1310;
				LastUpgradeCheck = 1310;
				TargetAttributes = {
					F9F6EA98274D9E3400817CC4 = {
						CreatedOnToolsVersion = 13.1;
					};
					F9F6EAB1274D9E3600817CC4 = {
						CreatedOnToolsVersion = 13.1;
						TestTargetID = F9F6EA98274D9E3400817CC4;
					};
					F9F6EABB274D9E3600817CC4 = {
						CreatedOnToolsVersion = 13.1;
						TestTargetID = F9F6EA98274D9E3400817CC4;
					};
				};
			};
			buildConfigurationList = F9F6EA94274D9E3400817CC4 /* Build configuration list for PBXProject "Github Explorer" */;
			compatibilityVersion = "Xcode 13.0";
			developmentRegion = en;
			hasScannedForEncodings = 0;
			knownRegions = (
				en,
				Base,
			);
			mainGroup = F9F6EA90274D9E3400817CC4;
			productRefGroup = F9F6EA9A274D9E3400817CC4 /* Products */;
			projectDirPath = "";
			projectRoot = "";
			targets = (
				F9F6EA98274D9E3400817CC4 /* Github Explorer */,
				F9F6EAB1274D9E3600817CC4 /* Github ExplorerTests */,
				F9F6EABB274D9E3600817CC4 /* Github ExplorerUITests */,
			);
		};
/* End PBXProject section */

/* Begin PBXResourcesBuildPhase section */
		F9F6EA97274D9E3400817CC4 /* Resources */ = {
			isa = PBXResourcesBuildPhase;
			buildActionMask = 2147483647;
			files = (
				F9F6EAA9274D9E3600817CC4 /* Assets.xcassets in Resources */,
				F3A0F2922A1D088500980180 /* Localizable.strings in Resources */,
			);
			runOnlyForDeploymentPostprocessing = 0;
		};
		F9F6EAB0274D9E3600817CC4 /* Resources */ = {
			isa = PBXResourcesBuildPhase;
			buildActionMask = 2147483647;
			files = (
			);
			runOnlyForDeploymentPostprocessing = 0;
		};
		F9F6EABA274D9E3600817CC4 /* Resources */ = {
			isa = PBXResourcesBuildPhase;
			buildActionMask = 2147483647;
			files = (
			);
			runOnlyForDeploymentPostprocessing = 0;
		};
/* End PBXResourcesBuildPhase section */

/* Begin PBXShellScriptBuildPhase section */
		2F8E39CCF6CE8F68570C89EC /* [CP] Check Pods Manifest.lock */ = {
			isa = PBXShellScriptBuildPhase;
			buildActionMask = 2147483647;
			files = (
			);
			inputFileListPaths = (
			);
			inputPaths = (
				"${PODS_PODFILE_DIR_PATH}/Podfile.lock",
				"${PODS_ROOT}/Manifest.lock",
			);
			name = "[CP] Check Pods Manifest.lock";
			outputFileListPaths = (
			);
			outputPaths = (
				"$(DERIVED_FILE_DIR)/Pods-Github ExplorerTests-checkManifestLockResult.txt",
			);
			runOnlyForDeploymentPostprocessing = 0;
			shellPath = /bin/sh;
			shellScript = "diff \"${PODS_PODFILE_DIR_PATH}/Podfile.lock\" \"${PODS_ROOT}/Manifest.lock\" > /dev/null\nif [ $? != 0 ] ; then\n    # print error to STDERR\n    echo \"error: The sandbox is not in sync with the Podfile.lock. Run 'pod install' or update your CocoaPods installation.\" >&2\n    exit 1\nfi\n# This output is used by Xcode 'outputs' to avoid re-running this script phase.\necho \"SUCCESS\" > \"${SCRIPT_OUTPUT_FILE_0}\"\n";
			showEnvVarsInLog = 0;
		};
		3079F2EDAE53EBCE37B01D7D /* [CP] Check Pods Manifest.lock */ = {
			isa = PBXShellScriptBuildPhase;
			buildActionMask = 2147483647;
			files = (
			);
			inputFileListPaths = (
			);
			inputPaths = (
				"${PODS_PODFILE_DIR_PATH}/Podfile.lock",
				"${PODS_ROOT}/Manifest.lock",
			);
			name = "[CP] Check Pods Manifest.lock";
			outputFileListPaths = (
			);
			outputPaths = (
				"$(DERIVED_FILE_DIR)/Pods-Github Explorer-checkManifestLockResult.txt",
			);
			runOnlyForDeploymentPostprocessing = 0;
			shellPath = /bin/sh;
			shellScript = "diff \"${PODS_PODFILE_DIR_PATH}/Podfile.lock\" \"${PODS_ROOT}/Manifest.lock\" > /dev/null\nif [ $? != 0 ] ; then\n    # print error to STDERR\n    echo \"error: The sandbox is not in sync with the Podfile.lock. Run 'pod install' or update your CocoaPods installation.\" >&2\n    exit 1\nfi\n# This output is used by Xcode 'outputs' to avoid re-running this script phase.\necho \"SUCCESS\" > \"${SCRIPT_OUTPUT_FILE_0}\"\n";
			showEnvVarsInLog = 0;
		};
		C3A734900FF527B5AE19AC68 /* [CP] Check Pods Manifest.lock */ = {
			isa = PBXShellScriptBuildPhase;
			buildActionMask = 2147483647;
			files = (
			);
			inputFileListPaths = (
			);
			inputPaths = (
				"${PODS_PODFILE_DIR_PATH}/Podfile.lock",
				"${PODS_ROOT}/Manifest.lock",
			);
			name = "[CP] Check Pods Manifest.lock";
			outputFileListPaths = (
			);
			outputPaths = (
				"$(DERIVED_FILE_DIR)/Pods-Github Explorer-Github ExplorerUITests-checkManifestLockResult.txt",
			);
			runOnlyForDeploymentPostprocessing = 0;
			shellPath = /bin/sh;
			shellScript = "diff \"${PODS_PODFILE_DIR_PATH}/Podfile.lock\" \"${PODS_ROOT}/Manifest.lock\" > /dev/null\nif [ $? != 0 ] ; then\n    # print error to STDERR\n    echo \"error: The sandbox is not in sync with the Podfile.lock. Run 'pod install' or update your CocoaPods installation.\" >&2\n    exit 1\nfi\n# This output is used by Xcode 'outputs' to avoid re-running this script phase.\necho \"SUCCESS\" > \"${SCRIPT_OUTPUT_FILE_0}\"\n";
			showEnvVarsInLog = 0;
		};
/* End PBXShellScriptBuildPhase section */

/* Begin PBXSourcesBuildPhase section */
		F9F6EA95274D9E3400817CC4 /* Sources */ = {
			isa = PBXSourcesBuildPhase;
			buildActionMask = 2147483647;
			files = (
				F3A0F27F2A1CD8A900980180 /* HomePresenter.swift in Sources */,
				F9F6EADD274D9F8400817CC4 /* RepositoryModel.swift in Sources */,
				F35D9EE22A1C45C70046189B /* HomeInteractor.swift in Sources */,
				F9F6EAE4274D9FEA00817CC4 /* URLImage.swift in Sources */,
				F3B39D372A1D31D900070E68 /* GithubModel.swift in Sources */,
				F9F6EB03274DA0FA00817CC4 /* Repository.swift in Sources */,
				F9F6EAE0274D9FA800817CC4 /* Owner.swift in Sources */,
				F9F6EB00274DA0FA00817CC4 /* GithubRepositoryWorker.swift in Sources */,
				F3A0F2842A1D003500980180 /* Size.swift in Sources */,
				F3B39D342A1D310A00070E68 /* HomeModel.swift in Sources */,
				F9F6EB01274DA0FA00817CC4 /* RepositoryEndpoint.swift in Sources */,
				F9F6EA9D274D9E3400817CC4 /* AppDelegate.swift in Sources */,
				F3B39D202A1D143100070E68 /* Colors.swift in Sources */,
				F9F6EAEA274DA02000817CC4 /* HomeRepositoryTableViewCell.swift in Sources */,
				F3A0F27D2A1CD50900980180 /* HomeView.swift in Sources */,
				F9F6EA9F274D9E3400817CC4 /* SceneDelegate.swift in Sources */,
				F9F6EAE6274D9FF000817CC4 /* HexColor.swift in Sources */,
				F9F6EADA274D9F4100817CC4 /* HomeViewController.swift in Sources */,
				F3A0F2872A1D017600980180 /* LocalizableString.swift in Sources */,
				F35D9ED72A1C42180046189B /* HomeFactory.swift in Sources */,
				F3A0F2812A1CD93B00980180 /* HomeCoordinator.swift in Sources */,
			);
			runOnlyForDeploymentPostprocessing = 0;
		};
		F9F6EAAE274D9E3600817CC4 /* Sources */ = {
			isa = PBXSourcesBuildPhase;
			buildActionMask = 2147483647;
			files = (
				F9F6EAB7274D9E3600817CC4 /* Github_ExplorerTests.swift in Sources */,
			);
			runOnlyForDeploymentPostprocessing = 0;
		};
		F9F6EAB8274D9E3600817CC4 /* Sources */ = {
			isa = PBXSourcesBuildPhase;
			buildActionMask = 2147483647;
			files = (
				F9F6EAC3274D9E3600817CC4 /* Github_ExplorerUITestsLaunchTests.swift in Sources */,
				F9F6EAC1274D9E3600817CC4 /* Github_ExplorerUITests.swift in Sources */,
			);
			runOnlyForDeploymentPostprocessing = 0;
		};
/* End PBXSourcesBuildPhase section */

/* Begin PBXTargetDependency section */
		F9F6EAB4274D9E3600817CC4 /* PBXTargetDependency */ = {
			isa = PBXTargetDependency;
			target = F9F6EA98274D9E3400817CC4 /* Github Explorer */;
			targetProxy = F9F6EAB3274D9E3600817CC4 /* PBXContainerItemProxy */;
		};
		F9F6EABE274D9E3600817CC4 /* PBXTargetDependency */ = {
			isa = PBXTargetDependency;
			target = F9F6EA98274D9E3400817CC4 /* Github Explorer */;
			targetProxy = F9F6EABD274D9E3600817CC4 /* PBXContainerItemProxy */;
		};
/* End PBXTargetDependency section */

/* Begin XCBuildConfiguration section */
		F9F6EAC4274D9E3600817CC4 /* Debug */ = {
			isa = XCBuildConfiguration;
			buildSettings = {
				ALWAYS_SEARCH_USER_PATHS = NO;
				CLANG_ANALYZER_NONNULL = YES;
				CLANG_ANALYZER_NUMBER_OBJECT_CONVERSION = YES_AGGRESSIVE;
				CLANG_CXX_LANGUAGE_STANDARD = "gnu++17";
				CLANG_CXX_LIBRARY = "libc++";
				CLANG_ENABLE_MODULES = YES;
				CLANG_ENABLE_OBJC_ARC = YES;
				CLANG_ENABLE_OBJC_WEAK = YES;
				CLANG_WARN_BLOCK_CAPTURE_AUTORELEASING = YES;
				CLANG_WARN_BOOL_CONVERSION = YES;
				CLANG_WARN_COMMA = YES;
				CLANG_WARN_CONSTANT_CONVERSION = YES;
				CLANG_WARN_DEPRECATED_OBJC_IMPLEMENTATIONS = YES;
				CLANG_WARN_DIRECT_OBJC_ISA_USAGE = YES_ERROR;
				CLANG_WARN_DOCUMENTATION_COMMENTS = YES;
				CLANG_WARN_EMPTY_BODY = YES;
				CLANG_WARN_ENUM_CONVERSION = YES;
				CLANG_WARN_INFINITE_RECURSION = YES;
				CLANG_WARN_INT_CONVERSION = YES;
				CLANG_WARN_NON_LITERAL_NULL_CONVERSION = YES;
				CLANG_WARN_OBJC_IMPLICIT_RETAIN_SELF = YES;
				CLANG_WARN_OBJC_LITERAL_CONVERSION = YES;
				CLANG_WARN_OBJC_ROOT_CLASS = YES_ERROR;
				CLANG_WARN_QUOTED_INCLUDE_IN_FRAMEWORK_HEADER = YES;
				CLANG_WARN_RANGE_LOOP_ANALYSIS = YES;
				CLANG_WARN_STRICT_PROTOTYPES = YES;
				CLANG_WARN_SUSPICIOUS_MOVE = YES;
				CLANG_WARN_UNGUARDED_AVAILABILITY = YES_AGGRESSIVE;
				CLANG_WARN_UNREACHABLE_CODE = YES;
				CLANG_WARN__DUPLICATE_METHOD_MATCH = YES;
				COPY_PHASE_STRIP = NO;
				DEBUG_INFORMATION_FORMAT = dwarf;
				ENABLE_STRICT_OBJC_MSGSEND = YES;
				ENABLE_TESTABILITY = YES;
				GCC_C_LANGUAGE_STANDARD = gnu11;
				GCC_DYNAMIC_NO_PIC = NO;
				GCC_NO_COMMON_BLOCKS = YES;
				GCC_OPTIMIZATION_LEVEL = 0;
				GCC_PREPROCESSOR_DEFINITIONS = (
					"DEBUG=1",
					"$(inherited)",
				);
				GCC_WARN_64_TO_32_BIT_CONVERSION = YES;
				GCC_WARN_ABOUT_RETURN_TYPE = YES_ERROR;
				GCC_WARN_UNDECLARED_SELECTOR = YES;
				GCC_WARN_UNINITIALIZED_AUTOS = YES_AGGRESSIVE;
				GCC_WARN_UNUSED_FUNCTION = YES;
				GCC_WARN_UNUSED_VARIABLE = YES;
				IPHONEOS_DEPLOYMENT_TARGET = 15.0;
				MTL_ENABLE_DEBUG_INFO = INCLUDE_SOURCE;
				MTL_FAST_MATH = YES;
				ONLY_ACTIVE_ARCH = YES;
				SDKROOT = iphoneos;
				SWIFT_ACTIVE_COMPILATION_CONDITIONS = DEBUG;
				SWIFT_OPTIMIZATION_LEVEL = "-Onone";
			};
			name = Debug;
		};
		F9F6EAC5274D9E3600817CC4 /* Release */ = {
			isa = XCBuildConfiguration;
			buildSettings = {
				ALWAYS_SEARCH_USER_PATHS = NO;
				CLANG_ANALYZER_NONNULL = YES;
				CLANG_ANALYZER_NUMBER_OBJECT_CONVERSION = YES_AGGRESSIVE;
				CLANG_CXX_LANGUAGE_STANDARD = "gnu++17";
				CLANG_CXX_LIBRARY = "libc++";
				CLANG_ENABLE_MODULES = YES;
				CLANG_ENABLE_OBJC_ARC = YES;
				CLANG_ENABLE_OBJC_WEAK = YES;
				CLANG_WARN_BLOCK_CAPTURE_AUTORELEASING = YES;
				CLANG_WARN_BOOL_CONVERSION = YES;
				CLANG_WARN_COMMA = YES;
				CLANG_WARN_CONSTANT_CONVERSION = YES;
				CLANG_WARN_DEPRECATED_OBJC_IMPLEMENTATIONS = YES;
				CLANG_WARN_DIRECT_OBJC_ISA_USAGE = YES_ERROR;
				CLANG_WARN_DOCUMENTATION_COMMENTS = YES;
				CLANG_WARN_EMPTY_BODY = YES;
				CLANG_WARN_ENUM_CONVERSION = YES;
				CLANG_WARN_INFINITE_RECURSION = YES;
				CLANG_WARN_INT_CONVERSION = YES;
				CLANG_WARN_NON_LITERAL_NULL_CONVERSION = YES;
				CLANG_WARN_OBJC_IMPLICIT_RETAIN_SELF = YES;
				CLANG_WARN_OBJC_LITERAL_CONVERSION = YES;
				CLANG_WARN_OBJC_ROOT_CLASS = YES_ERROR;
				CLANG_WARN_QUOTED_INCLUDE_IN_FRAMEWORK_HEADER = YES;
				CLANG_WARN_RANGE_LOOP_ANALYSIS = YES;
				CLANG_WARN_STRICT_PROTOTYPES = YES;
				CLANG_WARN_SUSPICIOUS_MOVE = YES;
				CLANG_WARN_UNGUARDED_AVAILABILITY = YES_AGGRESSIVE;
				CLANG_WARN_UNREACHABLE_CODE = YES;
				CLANG_WARN__DUPLICATE_METHOD_MATCH = YES;
				COPY_PHASE_STRIP = NO;
				DEBUG_INFORMATION_FORMAT = "dwarf-with-dsym";
				ENABLE_NS_ASSERTIONS = NO;
				ENABLE_STRICT_OBJC_MSGSEND = YES;
				GCC_C_LANGUAGE_STANDARD = gnu11;
				GCC_NO_COMMON_BLOCKS = YES;
				GCC_WARN_64_TO_32_BIT_CONVERSION = YES;
				GCC_WARN_ABOUT_RETURN_TYPE = YES_ERROR;
				GCC_WARN_UNDECLARED_SELECTOR = YES;
				GCC_WARN_UNINITIALIZED_AUTOS = YES_AGGRESSIVE;
				GCC_WARN_UNUSED_FUNCTION = YES;
				GCC_WARN_UNUSED_VARIABLE = YES;
				IPHONEOS_DEPLOYMENT_TARGET = 15.0;
				MTL_ENABLE_DEBUG_INFO = NO;
				MTL_FAST_MATH = YES;
				SDKROOT = iphoneos;
				SWIFT_COMPILATION_MODE = wholemodule;
				SWIFT_OPTIMIZATION_LEVEL = "-O";
				VALIDATE_PRODUCT = YES;
			};
			name = Release;
		};
		F9F6EAC7274D9E3600817CC4 /* Debug */ = {
			isa = XCBuildConfiguration;
			baseConfigurationReference = 17C6AD67F3E21E4796721CEE /* Pods-Github Explorer.debug.xcconfig */;
			buildSettings = {
				ASSETCATALOG_COMPILER_APPICON_NAME = AppIcon;
				ASSETCATALOG_COMPILER_GLOBAL_ACCENT_COLOR_NAME = AccentColor;
				CODE_SIGN_STYLE = Automatic;
				CURRENT_PROJECT_VERSION = 1;
				DEVELOPMENT_TEAM = 9Y7M54NCKD;
				GENERATE_INFOPLIST_FILE = YES;
				INFOPLIST_FILE = "Github Explorer/Info.plist";
				INFOPLIST_KEY_UIApplicationSupportsIndirectInputEvents = YES;
				INFOPLIST_KEY_UILaunchStoryboardName = LaunchScreen;
				INFOPLIST_KEY_UISupportedInterfaceOrientations_iPad = "UIInterfaceOrientationPortrait UIInterfaceOrientationPortraitUpsideDown UIInterfaceOrientationLandscapeLeft UIInterfaceOrientationLandscapeRight";
				INFOPLIST_KEY_UISupportedInterfaceOrientations_iPhone = "UIInterfaceOrientationPortrait UIInterfaceOrientationLandscapeLeft UIInterfaceOrientationLandscapeRight";
				LD_RUNPATH_SEARCH_PATHS = (
					"$(inherited)",
					"@executable_path/Frameworks",
				);
				MARKETING_VERSION = 1.0;
				PRODUCT_BUNDLE_IDENTIFIER = "com.hackingwithswift.Github-Explorer";
				PRODUCT_NAME = "$(TARGET_NAME)";
				SWIFT_EMIT_LOC_STRINGS = YES;
				SWIFT_VERSION = 5.0;
				TARGETED_DEVICE_FAMILY = "1,2";
			};
			name = Debug;
		};
		F9F6EAC8274D9E3600817CC4 /* Release */ = {
			isa = XCBuildConfiguration;
			baseConfigurationReference = 1E4C9C38965FBDD30AACD6B8 /* Pods-Github Explorer.release.xcconfig */;
			buildSettings = {
				ASSETCATALOG_COMPILER_APPICON_NAME = AppIcon;
				ASSETCATALOG_COMPILER_GLOBAL_ACCENT_COLOR_NAME = AccentColor;
				CODE_SIGN_STYLE = Automatic;
				CURRENT_PROJECT_VERSION = 1;
				DEVELOPMENT_TEAM = 9Y7M54NCKD;
				GENERATE_INFOPLIST_FILE = YES;
				INFOPLIST_FILE = "Github Explorer/Info.plist";
				INFOPLIST_KEY_UIApplicationSupportsIndirectInputEvents = YES;
				INFOPLIST_KEY_UILaunchStoryboardName = LaunchScreen;
				INFOPLIST_KEY_UISupportedInterfaceOrientations_iPad = "UIInterfaceOrientationPortrait UIInterfaceOrientationPortraitUpsideDown UIInterfaceOrientationLandscapeLeft UIInterfaceOrientationLandscapeRight";
				INFOPLIST_KEY_UISupportedInterfaceOrientations_iPhone = "UIInterfaceOrientationPortrait UIInterfaceOrientationLandscapeLeft UIInterfaceOrientationLandscapeRight";
				LD_RUNPATH_SEARCH_PATHS = (
					"$(inherited)",
					"@executable_path/Frameworks",
				);
				MARKETING_VERSION = 1.0;
				PRODUCT_BUNDLE_IDENTIFIER = "com.hackingwithswift.Github-Explorer";
				PRODUCT_NAME = "$(TARGET_NAME)";
				SWIFT_EMIT_LOC_STRINGS = YES;
				SWIFT_VERSION = 5.0;
				TARGETED_DEVICE_FAMILY = "1,2";
			};
			name = Release;
		};
		F9F6EACA274D9E3600817CC4 /* Debug */ = {
			isa = XCBuildConfiguration;
			baseConfigurationReference = BF48CCCE40E940D93C4F6B0F /* Pods-Github ExplorerTests.debug.xcconfig */;
			buildSettings = {
				ALWAYS_EMBED_SWIFT_STANDARD_LIBRARIES = YES;
				BUNDLE_LOADER = "$(TEST_HOST)";
				CODE_SIGN_STYLE = Automatic;
				CURRENT_PROJECT_VERSION = 1;
				DEVELOPMENT_TEAM = 9Y7M54NCKD;
				GENERATE_INFOPLIST_FILE = YES;
				IPHONEOS_DEPLOYMENT_TARGET = 15.0;
				LD_RUNPATH_SEARCH_PATHS = (
					"$(inherited)",
					"@executable_path/Frameworks",
					"@loader_path/Frameworks",
				);
				MARKETING_VERSION = 1.0;
				PRODUCT_BUNDLE_IDENTIFIER = "com.hackingwithswift.Github-ExplorerTests";
				PRODUCT_NAME = "$(TARGET_NAME)";
				SWIFT_EMIT_LOC_STRINGS = NO;
				SWIFT_VERSION = 5.0;
				TARGETED_DEVICE_FAMILY = "1,2";
				TEST_HOST = "$(BUILT_PRODUCTS_DIR)/Github Explorer.app/Github Explorer";
			};
			name = Debug;
		};
		F9F6EACB274D9E3600817CC4 /* Release */ = {
			isa = XCBuildConfiguration;
			baseConfigurationReference = 1E00DAF0A08FAF416203DAF8 /* Pods-Github ExplorerTests.release.xcconfig */;
			buildSettings = {
				ALWAYS_EMBED_SWIFT_STANDARD_LIBRARIES = YES;
				BUNDLE_LOADER = "$(TEST_HOST)";
				CODE_SIGN_STYLE = Automatic;
				CURRENT_PROJECT_VERSION = 1;
				DEVELOPMENT_TEAM = 9Y7M54NCKD;
				GENERATE_INFOPLIST_FILE = YES;
				IPHONEOS_DEPLOYMENT_TARGET = 15.0;
				LD_RUNPATH_SEARCH_PATHS = (
					"$(inherited)",
					"@executable_path/Frameworks",
					"@loader_path/Frameworks",
				);
				MARKETING_VERSION = 1.0;
				PRODUCT_BUNDLE_IDENTIFIER = "com.hackingwithswift.Github-ExplorerTests";
				PRODUCT_NAME = "$(TARGET_NAME)";
				SWIFT_EMIT_LOC_STRINGS = NO;
				SWIFT_VERSION = 5.0;
				TARGETED_DEVICE_FAMILY = "1,2";
				TEST_HOST = "$(BUILT_PRODUCTS_DIR)/Github Explorer.app/Github Explorer";
			};
			name = Release;
		};
		F9F6EACD274D9E3600817CC4 /* Debug */ = {
			isa = XCBuildConfiguration;
			baseConfigurationReference = E6222E36FBF713942A819C6B /* Pods-Github Explorer-Github ExplorerUITests.debug.xcconfig */;
			buildSettings = {
				ALWAYS_EMBED_SWIFT_STANDARD_LIBRARIES = YES;
				CODE_SIGN_STYLE = Automatic;
				CURRENT_PROJECT_VERSION = 1;
				DEVELOPMENT_TEAM = 9Y7M54NCKD;
				GENERATE_INFOPLIST_FILE = YES;
				LD_RUNPATH_SEARCH_PATHS = (
					"$(inherited)",
					"@executable_path/Frameworks",
					"@loader_path/Frameworks",
				);
				MARKETING_VERSION = 1.0;
				PRODUCT_BUNDLE_IDENTIFIER = "com.hackingwithswift.Github-ExplorerUITests";
				PRODUCT_NAME = "$(TARGET_NAME)";
				SWIFT_EMIT_LOC_STRINGS = NO;
				SWIFT_VERSION = 5.0;
				TARGETED_DEVICE_FAMILY = "1,2";
				TEST_TARGET_NAME = "Github Explorer";
			};
			name = Debug;
		};
		F9F6EACE274D9E3600817CC4 /* Release */ = {
			isa = XCBuildConfiguration;
			baseConfigurationReference = 13547EBED9D7AEE7447EE390 /* Pods-Github Explorer-Github ExplorerUITests.release.xcconfig */;
			buildSettings = {
				ALWAYS_EMBED_SWIFT_STANDARD_LIBRARIES = YES;
				CODE_SIGN_STYLE = Automatic;
				CURRENT_PROJECT_VERSION = 1;
				DEVELOPMENT_TEAM = 9Y7M54NCKD;
				GENERATE_INFOPLIST_FILE = YES;
				LD_RUNPATH_SEARCH_PATHS = (
					"$(inherited)",
					"@executable_path/Frameworks",
					"@loader_path/Frameworks",
				);
				MARKETING_VERSION = 1.0;
				PRODUCT_BUNDLE_IDENTIFIER = "com.hackingwithswift.Github-ExplorerUITests";
				PRODUCT_NAME = "$(TARGET_NAME)";
				SWIFT_EMIT_LOC_STRINGS = NO;
				SWIFT_VERSION = 5.0;
				TARGETED_DEVICE_FAMILY = "1,2";
				TEST_TARGET_NAME = "Github Explorer";
			};
			name = Release;
		};
/* End XCBuildConfiguration section */

/* Begin XCConfigurationList section */
		F9F6EA94274D9E3400817CC4 /* Build configuration list for PBXProject "Github Explorer" */ = {
			isa = XCConfigurationList;
			buildConfigurations = (
				F9F6EAC4274D9E3600817CC4 /* Debug */,
				F9F6EAC5274D9E3600817CC4 /* Release */,
			);
			defaultConfigurationIsVisible = 0;
			defaultConfigurationName = Release;
		};
		F9F6EAC6274D9E3600817CC4 /* Build configuration list for PBXNativeTarget "Github Explorer" */ = {
			isa = XCConfigurationList;
			buildConfigurations = (
				F9F6EAC7274D9E3600817CC4 /* Debug */,
				F9F6EAC8274D9E3600817CC4 /* Release */,
			);
			defaultConfigurationIsVisible = 0;
			defaultConfigurationName = Release;
		};
		F9F6EAC9274D9E3600817CC4 /* Build configuration list for PBXNativeTarget "Github ExplorerTests" */ = {
			isa = XCConfigurationList;
			buildConfigurations = (
				F9F6EACA274D9E3600817CC4 /* Debug */,
				F9F6EACB274D9E3600817CC4 /* Release */,
			);
			defaultConfigurationIsVisible = 0;
			defaultConfigurationName = Release;
		};
		F9F6EACC274D9E3600817CC4 /* Build configuration list for PBXNativeTarget "Github ExplorerUITests" */ = {
			isa = XCConfigurationList;
			buildConfigurations = (
				F9F6EACD274D9E3600817CC4 /* Debug */,
				F9F6EACE274D9E3600817CC4 /* Release */,
			);
			defaultConfigurationIsVisible = 0;
			defaultConfigurationName = Release;
		};
/* End XCConfigurationList section */
	};
	rootObject = F9F6EA91274D9E3400817CC4 /* Project object */;
}
